
Microsoft Visual Studio Solution File, Format Version 12.00
# Visual Studio Version 16
VisualStudioVersion = 16.0.31313.79
MinimumVisualStudioVersion = 10.0.40219.1
Project("{FAE04EC0-301F-11D3-BF4B-00C04F79EFBC}") = "WakenBake", "WakenBake\WakenBake.csproj", "{3E7CAD78-2D4E-439F-B068-5FE763D34AC1}"
EndProject
Global
	GlobalSection(SolutionConfigurationPlatforms) = preSolution
		Debug|Any CPU = Debug|Any CPU
		Release|Any CPU = Release|Any CPU
	EndGlobalSection
	GlobalSection(ProjectConfigurationPlatforms) = postSolution
		{3E7CAD78-2D4E-439F-B068-5FE763D34AC1}.Debug|Any CPU.ActiveCfg = Debug|Any CPU
		{3E7CAD78-2D4E-439F-B068-5FE763D34AC1}.Debug|Any CPU.Build.0 = Debug|Any CPU
		{3E7CAD78-2D4E-439F-B068-5FE763D34AC1}.Release|Any CPU.ActiveCfg = Release|Any CPU
		{3E7CAD78-2D4E-439F-B068-5FE763D34AC1}.Release|Any CPU.Build.0 = Release|Any CPU
	EndGlobalSection
	GlobalSection(SolutionProperties) = preSolution
		HideSolutionNode = FALSE
	EndGlobalSection
	GlobalSection(ExtensibilityGlobals) = postSolution
		SolutionGuid = {D3B3652B-78EA-45FF-B85B-8527699DFD52}
	EndGlobalSection
EndGlobal
